
Microsoft Visual Studio Solution File, Format Version 12.00
# Visual Studio Version 17
VisualStudioVersion = 17.5.33530.505
MinimumVisualStudioVersion = 10.0.40219.1
Project("{FAE04EC0-301F-11D3-BF4B-00C04F79EFBC}") = "Multithreading(Parameterize threadstart delegate)", "Multithreading(Parameterize threadstart delegate)\Multithreading(Parameterize threadstart delegate).csproj", "{4E685E59-FC1B-4156-86D8-59CC4A6601EF}"
EndProject
Global
	GlobalSection(SolutionConfigurationPlatforms) = preSolution
		Debug|Any CPU = Debug|Any CPU
		Release|Any CPU = Release|Any CPU
	EndGlobalSection
	GlobalSection(ProjectConfigurationPlatforms) = postSolution
		{4E685E59-FC1B-4156-86D8-59CC4A6601EF}.Debug|Any CPU.ActiveCfg = Debug|Any CPU
		{4E685E59-FC1B-4156-86D8-59CC4A6601EF}.Debug|Any CPU.Build.0 = Debug|Any CPU
		{4E685E59-FC1B-4156-86D8-59CC4A6601EF}.Release|Any CPU.ActiveCfg = Release|Any CPU
		{4E685E59-FC1B-4156-86D8-59CC4A6601EF}.Release|Any CPU.Build.0 = Release|Any CPU
	EndGlobalSection
	GlobalSection(SolutionProperties) = preSolution
		HideSolutionNode = FALSE
	EndGlobalSection
	GlobalSection(ExtensibilityGlobals) = postSolution
		SolutionGuid = {E8B8F0C5-3B6B-4F9D-858F-511F2DB0DD34}
	EndGlobalSection
EndGlobal
