
Microsoft Visual Studio Solution File, Format Version 12.00
# Visual Studio Version 17
VisualStudioVersion = 17.5.33530.505
MinimumVisualStudioVersion = 10.0.40219.1
Project("{FAE04EC0-301F-11D3-BF4B-00C04F79EFBC}") = "Attributes", "Attributes\Attributes.csproj", "{1B144119-F22A-44D5-8DAD-FAADE062DD7C}"
EndProject
Global
	GlobalSection(SolutionConfigurationPlatforms) = preSolution
		Debug|Any CPU = Debug|Any CPU
		Release|Any CPU = Release|Any CPU
	EndGlobalSection
	GlobalSection(ProjectConfigurationPlatforms) = postSolution
		{1B144119-F22A-44D5-8DAD-FAADE062DD7C}.Debug|Any CPU.ActiveCfg = Debug|Any CPU
		{1B144119-F22A-44D5-8DAD-FAADE062DD7C}.Debug|Any CPU.Build.0 = Debug|Any CPU
		{1B144119-F22A-44D5-8DAD-FAADE062DD7C}.Release|Any CPU.ActiveCfg = Release|Any CPU
		{1B144119-F22A-44D5-8DAD-FAADE062DD7C}.Release|Any CPU.Build.0 = Release|Any CPU
	EndGlobalSection
	GlobalSection(SolutionProperties) = preSolution
		HideSolutionNode = FALSE
	EndGlobalSection
	GlobalSection(ExtensibilityGlobals) = postSolution
		SolutionGuid = {3F97143B-8B59-49F6-9C69-3DA411B7AB3B}
	EndGlobalSection
EndGlobal
