
Microsoft Visual Studio Solution File, Format Version 12.00
# Visual Studio Version 17
VisualStudioVersion = 17.5.33530.505
MinimumVisualStudioVersion = 10.0.40219.1
Project("{FAE04EC0-301F-11D3-BF4B-00C04F79EFBC}") = "Restructured_Product_management_app", "Restructured_Product_management_app\Restructured_Product_management_app.csproj", "{B644737C-D7E3-4726-B4DF-1EE3E0E5B344}"
EndProject
Global
	GlobalSection(SolutionConfigurationPlatforms) = preSolution
		Debug|Any CPU = Debug|Any CPU
		Release|Any CPU = Release|Any CPU
	EndGlobalSection
	GlobalSection(ProjectConfigurationPlatforms) = postSolution
		{B644737C-D7E3-4726-B4DF-1EE3E0E5B344}.Debug|Any CPU.ActiveCfg = Debug|Any CPU
		{B644737C-D7E3-4726-B4DF-1EE3E0E5B344}.Debug|Any CPU.Build.0 = Debug|Any CPU
		{B644737C-D7E3-4726-B4DF-1EE3E0E5B344}.Release|Any CPU.ActiveCfg = Release|Any CPU
		{B644737C-D7E3-4726-B4DF-1EE3E0E5B344}.Release|Any CPU.Build.0 = Release|Any CPU
	EndGlobalSection
	GlobalSection(SolutionProperties) = preSolution
		HideSolutionNode = FALSE
	EndGlobalSection
	GlobalSection(ExtensibilityGlobals) = postSolution
		SolutionGuid = {1CD6CC33-C350-4E4D-BA08-9BD01D9FDE15}
	EndGlobalSection
EndGlobal
