
Microsoft Visual Studio Solution File, Format Version 12.00
# Visual Studio Version 17
VisualStudioVersion = 17.5.33530.505
MinimumVisualStudioVersion = 10.0.40219.1
Project("{FAE04EC0-301F-11D3-BF4B-00C04F79EFBC}") = "C# practices", "C# practices\C# practices.csproj", "{2157C525-A2A9-4688-8DB2-883AD024F0C5}"
EndProject
Project("{FAE04EC0-301F-11D3-BF4B-00C04F79EFBC}") = "method_overloading", "method_overloading\method_overloading.csproj", "{190BD0EC-4C25-4422-A10C-2912493002F8}"
EndProject
Project("{FAE04EC0-301F-11D3-BF4B-00C04F79EFBC}") = "Structs", "Structs\Structs.csproj", "{D689354F-9607-48C9-B82D-510A802197F0}"
EndProject
Project("{FAE04EC0-301F-11D3-BF4B-00C04F79EFBC}") = "Interface", "Interface\Interface.csproj", "{10C278A4-C9FA-4AE6-97FC-771AA91B890E}"
EndProject
Project("{FAE04EC0-301F-11D3-BF4B-00C04F79EFBC}") = "Interface implementation", "Interface implementation\Interface implementation.csproj", "{FEEC4AE1-FA7E-41F9-A4CF-D5E3D7808FD1}"
EndProject
Project("{FAE04EC0-301F-11D3-BF4B-00C04F79EFBC}") = "Multiple inheritance(interface)", "Multiple inheritance(interface)\Multiple inheritance(interface).csproj", "{B7562692-CD69-4DE9-8A1B-65EAF51A2E2C}"
EndProject
Project("{FAE04EC0-301F-11D3-BF4B-00C04F79EFBC}") = "Abstraction", "Abstraction\Abstraction.csproj", "{08B881A3-581C-4D03-9E64-93788757A773}"
EndProject
Project("{FAE04EC0-301F-11D3-BF4B-00C04F79EFBC}") = "DElegates", "DElegates\DElegates.csproj", "{5D5BD7CA-266D-4F4E-B108-3D6A3EBFDBF2}"
EndProject
Project("{FAE04EC0-301F-11D3-BF4B-00C04F79EFBC}") = "Multicast delegates", "Multicast deligates\Multicast delegates.csproj", "{04EBDD54-A6BD-46BD-9DC6-F4025FC993B7}"
EndProject
Project("{FAE04EC0-301F-11D3-BF4B-00C04F79EFBC}") = "Exeption Handling", "Exeption Handling\Exeption Handling.csproj", "{4AD632AF-6A43-42DC-B8C6-097B27D2B265}"
EndProject
Global
	GlobalSection(SolutionConfigurationPlatforms) = preSolution
		Debug|Any CPU = Debug|Any CPU
		Release|Any CPU = Release|Any CPU
	EndGlobalSection
	GlobalSection(ProjectConfigurationPlatforms) = postSolution
		{2157C525-A2A9-4688-8DB2-883AD024F0C5}.Debug|Any CPU.ActiveCfg = Debug|Any CPU
		{2157C525-A2A9-4688-8DB2-883AD024F0C5}.Debug|Any CPU.Build.0 = Debug|Any CPU
		{2157C525-A2A9-4688-8DB2-883AD024F0C5}.Release|Any CPU.ActiveCfg = Release|Any CPU
		{2157C525-A2A9-4688-8DB2-883AD024F0C5}.Release|Any CPU.Build.0 = Release|Any CPU
		{190BD0EC-4C25-4422-A10C-2912493002F8}.Debug|Any CPU.ActiveCfg = Debug|Any CPU
		{190BD0EC-4C25-4422-A10C-2912493002F8}.Debug|Any CPU.Build.0 = Debug|Any CPU
		{190BD0EC-4C25-4422-A10C-2912493002F8}.Release|Any CPU.ActiveCfg = Release|Any CPU
		{190BD0EC-4C25-4422-A10C-2912493002F8}.Release|Any CPU.Build.0 = Release|Any CPU
		{D689354F-9607-48C9-B82D-510A802197F0}.Debug|Any CPU.ActiveCfg = Debug|Any CPU
		{D689354F-9607-48C9-B82D-510A802197F0}.Debug|Any CPU.Build.0 = Debug|Any CPU
		{D689354F-9607-48C9-B82D-510A802197F0}.Release|Any CPU.ActiveCfg = Release|Any CPU
		{D689354F-9607-48C9-B82D-510A802197F0}.Release|Any CPU.Build.0 = Release|Any CPU
		{10C278A4-C9FA-4AE6-97FC-771AA91B890E}.Debug|Any CPU.ActiveCfg = Debug|Any CPU
		{10C278A4-C9FA-4AE6-97FC-771AA91B890E}.Debug|Any CPU.Build.0 = Debug|Any CPU
		{10C278A4-C9FA-4AE6-97FC-771AA91B890E}.Release|Any CPU.ActiveCfg = Release|Any CPU
		{10C278A4-C9FA-4AE6-97FC-771AA91B890E}.Release|Any CPU.Build.0 = Release|Any CPU
		{FEEC4AE1-FA7E-41F9-A4CF-D5E3D7808FD1}.Debug|Any CPU.ActiveCfg = Debug|Any CPU
		{FEEC4AE1-FA7E-41F9-A4CF-D5E3D7808FD1}.Debug|Any CPU.Build.0 = Debug|Any CPU
		{FEEC4AE1-FA7E-41F9-A4CF-D5E3D7808FD1}.Release|Any CPU.ActiveCfg = Release|Any CPU
		{FEEC4AE1-FA7E-41F9-A4CF-D5E3D7808FD1}.Release|Any CPU.Build.0 = Release|Any CPU
		{B7562692-CD69-4DE9-8A1B-65EAF51A2E2C}.Debug|Any CPU.ActiveCfg = Debug|Any CPU
		{B7562692-CD69-4DE9-8A1B-65EAF51A2E2C}.Debug|Any CPU.Build.0 = Debug|Any CPU
		{B7562692-CD69-4DE9-8A1B-65EAF51A2E2C}.Release|Any CPU.ActiveCfg = Release|Any CPU
		{B7562692-CD69-4DE9-8A1B-65EAF51A2E2C}.Release|Any CPU.Build.0 = Release|Any CPU
		{08B881A3-581C-4D03-9E64-93788757A773}.Debug|Any CPU.ActiveCfg = Debug|Any CPU
		{08B881A3-581C-4D03-9E64-93788757A773}.Debug|Any CPU.Build.0 = Debug|Any CPU
		{08B881A3-581C-4D03-9E64-93788757A773}.Release|Any CPU.ActiveCfg = Release|Any CPU
		{08B881A3-581C-4D03-9E64-93788757A773}.Release|Any CPU.Build.0 = Release|Any CPU
		{5D5BD7CA-266D-4F4E-B108-3D6A3EBFDBF2}.Debug|Any CPU.ActiveCfg = Debug|Any CPU
		{5D5BD7CA-266D-4F4E-B108-3D6A3EBFDBF2}.Debug|Any CPU.Build.0 = Debug|Any CPU
		{5D5BD7CA-266D-4F4E-B108-3D6A3EBFDBF2}.Release|Any CPU.ActiveCfg = Release|Any CPU
		{5D5BD7CA-266D-4F4E-B108-3D6A3EBFDBF2}.Release|Any CPU.Build.0 = Release|Any CPU
		{04EBDD54-A6BD-46BD-9DC6-F4025FC993B7}.Debug|Any CPU.ActiveCfg = Debug|Any CPU
		{04EBDD54-A6BD-46BD-9DC6-F4025FC993B7}.Debug|Any CPU.Build.0 = Debug|Any CPU
		{04EBDD54-A6BD-46BD-9DC6-F4025FC993B7}.Release|Any CPU.ActiveCfg = Release|Any CPU
		{04EBDD54-A6BD-46BD-9DC6-F4025FC993B7}.Release|Any CPU.Build.0 = Release|Any CPU
		{4AD632AF-6A43-42DC-B8C6-097B27D2B265}.Debug|Any CPU.ActiveCfg = Debug|Any CPU
		{4AD632AF-6A43-42DC-B8C6-097B27D2B265}.Debug|Any CPU.Build.0 = Debug|Any CPU
		{4AD632AF-6A43-42DC-B8C6-097B27D2B265}.Release|Any CPU.ActiveCfg = Release|Any CPU
		{4AD632AF-6A43-42DC-B8C6-097B27D2B265}.Release|Any CPU.Build.0 = Release|Any CPU
	EndGlobalSection
	GlobalSection(SolutionProperties) = preSolution
		HideSolutionNode = FALSE
	EndGlobalSection
	GlobalSection(ExtensibilityGlobals) = postSolution
		SolutionGuid = {C0E022C2-4B66-42F6-B5E5-F9E42BB20B5D}
	EndGlobalSection
EndGlobal
